
Microsoft Visual Studio Solution File, Format Version 12.00
# Visual Studio Version 16
VisualStudioVersion = 16.0.31019.35
MinimumVisualStudioVersion = 10.0.40219.1
Project("{FAE04EC0-301F-11D3-BF4B-00C04F79EFBC}") = "Exception Handlings", "Exception Handlings\Exception Handlings.csproj", "{D5252497-B91C-4BA5-997D-7D36467FF0F5}"
EndProject
Global
	GlobalSection(SolutionConfigurationPlatforms) = preSolution
		Debug|Any CPU = Debug|Any CPU
		Release|Any CPU = Release|Any CPU
	EndGlobalSection
	GlobalSection(ProjectConfigurationPlatforms) = postSolution
		{D5252497-B91C-4BA5-997D-7D36467FF0F5}.Debug|Any CPU.ActiveCfg = Debug|Any CPU
		{D5252497-B91C-4BA5-997D-7D36467FF0F5}.Debug|Any CPU.Build.0 = Debug|Any CPU
		{D5252497-B91C-4BA5-997D-7D36467FF0F5}.Release|Any CPU.ActiveCfg = Release|Any CPU
		{D5252497-B91C-4BA5-997D-7D36467FF0F5}.Release|Any CPU.Build.0 = Release|Any CPU
	EndGlobalSection
	GlobalSection(SolutionProperties) = preSolution
		HideSolutionNode = FALSE
	EndGlobalSection
	GlobalSection(ExtensibilityGlobals) = postSolution
		SolutionGuid = {0DD8CB33-FC2B-4EA0-805E-8143261EBC04}
	EndGlobalSection
EndGlobal
